
Microsoft Visual Studio Solution File, Format Version 12.00
# Visual Studio Version 16
VisualStudioVersion = 16.0.32901.82
MinimumVisualStudioVersion = 10.0.40219.1
Project("{8BC9CEB8-8B4A-11D0-8D11-00A0C91BC942}") = "lab7.1-recur", "lab7.1-recur.vcxproj", "{10B18BF9-65FF-4BC9-9B29-2FCE0450701E}"
EndProject
Project("{8BC9CEB8-8B4A-11D0-8D11-00A0C91BC942}") = "UnitTest4", "..\UnitTest4\UnitTest4.vcxproj", "{1FDD920E-7B94-4CCD-B878-D284E528CC1C}"
EndProject
Global
	GlobalSection(SolutionConfigurationPlatforms) = preSolution
		Debug|x64 = Debug|x64
		Debug|x86 = Debug|x86
		Release|x64 = Release|x64
		Release|x86 = Release|x86
	EndGlobalSection
	GlobalSection(ProjectConfigurationPlatforms) = postSolution
		{10B18BF9-65FF-4BC9-9B29-2FCE0450701E}.Debug|x64.ActiveCfg = Debug|x64
		{10B18BF9-65FF-4BC9-9B29-2FCE0450701E}.Debug|x64.Build.0 = Debug|x64
		{10B18BF9-65FF-4BC9-9B29-2FCE0450701E}.Debug|x86.ActiveCfg = Debug|Win32
		{10B18BF9-65FF-4BC9-9B29-2FCE0450701E}.Debug|x86.Build.0 = Debug|Win32
		{10B18BF9-65FF-4BC9-9B29-2FCE0450701E}.Release|x64.ActiveCfg = Release|x64
		{10B18BF9-65FF-4BC9-9B29-2FCE0450701E}.Release|x64.Build.0 = Release|x64
		{10B18BF9-65FF-4BC9-9B29-2FCE0450701E}.Release|x86.ActiveCfg = Release|Win32
		{10B18BF9-65FF-4BC9-9B29-2FCE0450701E}.Release|x86.Build.0 = Release|Win32
		{1FDD920E-7B94-4CCD-B878-D284E528CC1C}.Debug|x64.ActiveCfg = Debug|x64
		{1FDD920E-7B94-4CCD-B878-D284E528CC1C}.Debug|x64.Build.0 = Debug|x64
		{1FDD920E-7B94-4CCD-B878-D284E528CC1C}.Debug|x86.ActiveCfg = Debug|Win32
		{1FDD920E-7B94-4CCD-B878-D284E528CC1C}.Debug|x86.Build.0 = Debug|Win32
		{1FDD920E-7B94-4CCD-B878-D284E528CC1C}.Release|x64.ActiveCfg = Release|x64
		{1FDD920E-7B94-4CCD-B878-D284E528CC1C}.Release|x64.Build.0 = Release|x64
		{1FDD920E-7B94-4CCD-B878-D284E528CC1C}.Release|x86.ActiveCfg = Release|Win32
		{1FDD920E-7B94-4CCD-B878-D284E528CC1C}.Release|x86.Build.0 = Release|Win32
	EndGlobalSection
	GlobalSection(SolutionProperties) = preSolution
		HideSolutionNode = FALSE
	EndGlobalSection
	GlobalSection(ExtensibilityGlobals) = postSolution
		SolutionGuid = {33886213-8B63-41EB-95C9-F245177EB44D}
	EndGlobalSection
EndGlobal
